// !$*UTF8*$!
{
	archiveVersion = 1;
	classes = {
	};
	objectVersion = 48;
	objects = {

/* Begin PBXBuildFile section */
		13C422601F68B664005A781F /* AppDelegate.swift in Sources */ = {isa = PBXBuildFile; fileRef = 13C4225F1F68B664005A781F /* AppDelegate.swift */; };
		13C422621F68B664005A781F /* ViewController.swift in Sources */ = {isa = PBXBuildFile; fileRef = 13C422611F68B664005A781F /* ViewController.swift */; };
		13C422651F68B664005A781F /* Main.storyboard in Resources */ = {isa = PBXBuildFile; fileRef = 13C422631F68B664005A781F /* Main.storyboard */; };
		13C422671F68B664005A781F /* Assets.xcassets in Resources */ = {isa = PBXBuildFile; fileRef = 13C422661F68B664005A781F /* Assets.xcassets */; };
		13C4226A1F68B664005A781F /* LaunchScreen.storyboard in Resources */ = {isa = PBXBuildFile; fileRef = 13C422681F68B664005A781F /* LaunchScreen.storyboard */; };
		13C422751F68B664005A781F /* Reddit_ClientTests.swift in Sources */ = {isa = PBXBuildFile; fileRef = 13C422741F68B664005A781F /* Reddit_ClientTests.swift */; };
/* End PBXBuildFile section */

/* Begin PBXContainerItemProxy section */
		13C422711F68B664005A781F /* PBXContainerItemProxy */ = {
			isa = PBXContainerItemProxy;
			containerPortal = 13C422541F68B664005A781F /* Project object */;
			proxyType = 1;
			remoteGlobalIDString = 13C4225B1F68B664005A781F;
			remoteInfo = "Reddit Client";
		};
/* End PBXContainerItemProxy section */

/* Begin PBXFileReference section */
		13C4225C1F68B664005A781F /* Reddit Client.app */ = {isa = PBXFileReference; explicitFileType = wrapper.application; includeInIndex = 0; path = "Reddit Client.app"; sourceTree = BUILT_PRODUCTS_DIR; };
		13C4225F1F68B664005A781F /* AppDelegate.swift */ = {isa = PBXFileReference; lastKnownFileType = sourcecode.swift; path = AppDelegate.swift; sourceTree = "<group>"; };
		13C422611F68B664005A781F /* ViewController.swift */ = {isa = PBXFileReference; lastKnownFileType = sourcecode.swift; path = ViewController.swift; sourceTree = "<group>"; };
		13C422641F68B664005A781F /* Base */ = {isa = PBXFileReference; lastKnownFileType = file.storyboard; name = Base; path = Base.lproj/Main.storyboard; sourceTree = "<group>"; };
		13C422661F68B664005A781F /* Assets.xcassets */ = {isa = PBXFileReference; lastKnownFileType = folder.assetcatalog; path = Assets.xcassets; sourceTree = "<group>"; };
		13C422691F68B664005A781F /* Base */ = {isa = PBXFileReference; lastKnownFileType = file.storyboard; name = Base; path = Base.lproj/LaunchScreen.storyboard; sourceTree = "<group>"; };
		13C4226B1F68B664005A781F /* Info.plist */ = {isa = PBXFileReference; lastKnownFileType = text.plist.xml; path = Info.plist; sourceTree = "<group>"; };
		13C422701F68B664005A781F /* Reddit ClientTests.xctest */ = {isa = PBXFileReference; explicitFileType = wrapper.cfbundle; includeInIndex = 0; path = "Reddit ClientTests.xctest"; sourceTree = BUILT_PRODUCTS_DIR; };
		13C422741F68B664005A781F /* Reddit_ClientTests.swift */ = {isa = PBXFileReference; lastKnownFileType = sourcecode.swift; path = Reddit_ClientTests.swift; sourceTree = "<group>"; };
		13C422761F68B664005A781F /* Info.plist */ = {isa = PBXFileReference; lastKnownFileType = text.plist.xml; path = Info.plist; sourceTree = "<group>"; };
/* End PBXFileReference section */

/* Begin PBXFrameworksBuildPhase section */
		13C422591F68B664005A781F /* Frameworks */ = {
			isa = PBXFrameworksBuildPhase;
			buildActionMask = 2147483647;
			files = (
			);
			runOnlyForDeploymentPostprocessing = 0;
		};
		13C4226D1F68B664005A781F /* Frameworks */ = {
			isa = PBXFrameworksBuildPhase;
			buildActionMask = 2147483647;
			files = (
			);
			runOnlyForDeploymentPostprocessing = 0;
		};
/* End PBXFrameworksBuildPhase section */

/* Begin PBXGroup section */
		13C422531F68B664005A781F = {
			isa = PBXGroup;
			children = (
				13C4225E1F68B664005A781F /* Reddit Client */,
				13C422731F68B664005A781F /* Reddit ClientTests */,
				13C4225D1F68B664005A781F /* Products */,
			);
			sourceTree = "<group>";
		};
		13C4225D1F68B664005A781F /* Products */ = {
			isa = PBXGroup;
			children = (
				13C4225C1F68B664005A781F /* Reddit Client.app */,
				13C422701F68B664005A781F /* Reddit ClientTests.xctest */,
			);
			name = Products;
			sourceTree = "<group>";
		};
		13C4225E1F68B664005A781F /* Reddit Client */ = {
			isa = PBXGroup;
			children = (
				13C4225F1F68B664005A781F /* AppDelegate.swift */,
				13C422611F68B664005A781F /* ViewController.swift */,
				13C422631F68B664005A781F /* Main.storyboard */,
				13C422661F68B664005A781F /* Assets.xcassets */,
				13C422681F68B664005A781F /* LaunchScreen.storyboard */,
				13C4226B1F68B664005A781F /* Info.plist */,
			);
			path = "Reddit Client";
			sourceTree = "<group>";
		};
		13C422731F68B664005A781F /* Reddit ClientTests */ = {
			isa = PBXGroup;
			children = (
				13C422741F68B664005A781F /* Reddit_ClientTests.swift */,
				13C422761F68B664005A781F /* Info.plist */,
			);
			path = "Reddit ClientTests";
			sourceTree = "<group>";
		};
/* End PBXGroup section */

/* Begin PBXNativeTarget section */
		13C4225B1F68B664005A781F /* Reddit Client */ = {
			isa = PBXNativeTarget;
			buildConfigurationList = 13C422791F68B664005A781F /* Build configuration list for PBXNativeTarget "Reddit Client" */;
			buildPhases = (
				13C422581F68B664005A781F /* Sources */,
				13C422591F68B664005A781F /* Frameworks */,
				13C4225A1F68B664005A781F /* Resources */,
			);
			buildRules = (
			);
			dependencies = (
			);
			name = "Reddit Client";
			productName = "Reddit Client";
			productReference = 13C4225C1F68B664005A781F /* Reddit Client.app */;
			productType = "com.apple.product-type.application";
		};
		13C4226F1F68B664005A781F /* Reddit ClientTests */ = {
			isa = PBXNativeTarget;
			buildConfigurationList = 13C4227C1F68B664005A781F /* Build configuration list for PBXNativeTarget "Reddit ClientTests" */;
			buildPhases = (
				13C4226C1F68B664005A781F /* Sources */,
				13C4226D1F68B664005A781F /* Frameworks */,
				13C4226E1F68B664005A781F /* Resources */,
			);
			buildRules = (
			);
			dependencies = (
				13C422721F68B664005A781F /* PBXTargetDependency */,
			);
			name = "Reddit ClientTests";
			productName = "Reddit ClientTests";
			productReference = 13C422701F68B664005A781F /* Reddit ClientTests.xctest */;
			productType = "com.apple.product-type.bundle.unit-test";
		};
/* End PBXNativeTarget section */

/* Begin PBXProject section */
		13C422541F68B664005A781F /* Project object */ = {
			isa = PBXProject;
			attributes = {
				LastSwiftUpdateCheck = 0900;
				LastUpgradeCheck = 0900;
				ORGANIZATIONNAME = self;
				TargetAttributes = {
					13C4225B1F68B664005A781F = {
						CreatedOnToolsVersion = 9.0;
						ProvisioningStyle = Automatic;
					};
					13C4226F1F68B664005A781F = {
						CreatedOnToolsVersion = 9.0;
						ProvisioningStyle = Automatic;
						TestTargetID = 13C4225B1F68B664005A781F;
					};
				};
			};
			buildConfigurationList = 13C422571F68B664005A781F /* Build configuration list for PBXProject "Reddit Client" */;
			compatibilityVersion = "Xcode 8.0";
			developmentRegion = en;
			hasScannedForEncodings = 0;
			knownRegions = (
				en,
				Base,
			);
			mainGroup = 13C422531F68B664005A781F;
			productRefGroup = 13C4225D1F68B664005A781F /* Products */;
			projectDirPath = "";
			projectRoot = "";
			targets = (
				13C4225B1F68B664005A781F /* Reddit Client */,
				13C4226F1F68B664005A781F /* Reddit ClientTests */,
			);
		};
/* End PBXProject section */

/* Begin PBXResourcesBuildPhase section */
		13C4225A1F68B664005A781F /* Resources */ = {
			isa = PBXResourcesBuildPhase;
			buildActionMask = 2147483647;
			files = (
				13C4226A1F68B664005A781F /* LaunchScreen.storyboard in Resources */,
				13C422671F68B664005A781F /* Assets.xcassets in Resources */,
				13C422651F68B664005A781F /* Main.storyboard in Resources */,
			);
			runOnlyForDeploymentPostprocessing = 0;
		};
		13C4226E1F68B664005A781F /* Resources */ = {
			isa = PBXResourcesBuildPhase;
			buildActionMask = 2147483647;
			files = (
			);
			runOnlyForDeploymentPostprocessing = 0;
		};
/* End PBXResourcesBuildPhase section */

/* Begin PBXSourcesBuildPhase section */
		13C422581F68B664005A781F /* Sources */ = {
			isa = PBXSourcesBuildPhase;
			buildActionMask = 2147483647;
			files = (
				13C422621F68B664005A781F /* ViewController.swift in Sources */,
				13C422601F68B664005A781F /* AppDelegate.swift in Sources */,
			);
			runOnlyForDeploymentPostprocessing = 0;
		};
		13C4226C1F68B664005A781F /* Sources */ = {
			isa = PBXSourcesBuildPhase;
			buildActionMask = 2147483647;
			files = (
				13C422751F68B664005A781F /* Reddit_ClientTests.swift in Sources */,
			);
			runOnlyForDeploymentPostprocessing = 0;
		};
/* End PBXSourcesBuildPhase section */

/* Begin PBXTargetDependency section */
		13C422721F68B664005A781F /* PBXTargetDependency */ = {
			isa = PBXTargetDependency;
			target = 13C4225B1F68B664005A781F /* Reddit Client */;
			targetProxy = 13C422711F68B664005A781F /* PBXContainerItemProxy */;
		};
/* End PBXTargetDependency section */

/* Begin PBXVariantGroup section */
		13C422631F68B664005A781F /* Main.storyboard */ = {
			isa = PBXVariantGroup;
			children = (
				13C422641F68B664005A781F /* Base */,
			);
			name = Main.storyboard;
			sourceTree = "<group>";
		};
		13C422681F68B664005A781F /* LaunchScreen.storyboard */ = {
			isa = PBXVariantGroup;
			children = (
				13C422691F68B664005A781F /* Base */,
			);
			name = LaunchScreen.storyboard;
			sourceTree = "<group>";
		};
/* End PBXVariantGroup section */

/* Begin XCBuildConfiguration section */
		13C422771F68B664005A781F /* Debug */ = {
			isa = XCBuildConfiguration;
			buildSettings = {
				ALWAYS_SEARCH_USER_PATHS = NO;
				CLANG_ANALYZER_NONNULL = YES;
				CLANG_ANALYZER_NUMBER_OBJECT_CONVERSION = YES_AGGRESSIVE;
				CLANG_CXX_LANGUAGE_STANDARD = "gnu++14";
				CLANG_CXX_LIBRARY = "libc++";
				CLANG_ENABLE_MODULES = YES;
				CLANG_ENABLE_OBJC_ARC = YES;
				CLANG_WARN_BLOCK_CAPTURE_AUTORELEASING = YES;
				CLANG_WARN_BOOL_CONVERSION = YES;
				CLANG_WARN_COMMA = YES;
				CLANG_WARN_CONSTANT_CONVERSION = YES;
				CLANG_WARN_DIRECT_OBJC_ISA_USAGE = YES_ERROR;
				CLANG_WARN_DOCUMENTATION_COMMENTS = YES;
				CLANG_WARN_EMPTY_BODY = YES;
				CLANG_WARN_ENUM_CONVERSION = YES;
				CLANG_WARN_INFINITE_RECURSION = YES;
				CLANG_WARN_INT_CONVERSION = YES;
				CLANG_WARN_NON_LITERAL_NULL_CONVERSION = YES;
				CLANG_WARN_OBJC_LITERAL_CONVERSION = YES;
				CLANG_WARN_OBJC_ROOT_CLASS = YES_ERROR;
				CLANG_WARN_RANGE_LOOP_ANALYSIS = YES;
				CLANG_WARN_STRICT_PROTOTYPES = YES;
				CLANG_WARN_SUSPICIOUS_MOVE = YES;
				CLANG_WARN_UNGUARDED_AVAILABILITY = YES_AGGRESSIVE;
				CLANG_WARN_UNREACHABLE_CODE = YES;
				CLANG_WARN__DUPLICATE_METHOD_MATCH = YES;
				CODE_SIGN_IDENTITY = "iPhone Developer";
				COPY_PHASE_STRIP = NO;
				DEBUG_INFORMATION_FORMAT = dwarf;
				ENABLE_STRICT_OBJC_MSGSEND = YES;
				ENABLE_TESTABILITY = YES;
				GCC_C_LANGUAGE_STANDARD = gnu11;
				GCC_DYNAMIC_NO_PIC = NO;
				GCC_NO_COMMON_BLOCKS = YES;
				GCC_OPTIMIZATION_LEVEL = 0;
				GCC_PREPROCESSOR_DEFINITIONS = (
					"DEBUG=1",
					"$(inherited)",
				);
				GCC_WARN_64_TO_32_BIT_CONVERSION = YES;
				GCC_WARN_ABOUT_RETURN_TYPE = YES_ERROR;
				GCC_WARN_UNDECLARED_SELECTOR = YES;
				GCC_WARN_UNINITIALIZED_AUTOS = YES_AGGRESSIVE;
				GCC_WARN_UNUSED_FUNCTION = YES;
				GCC_WARN_UNUSED_VARIABLE = YES;
				IPHONEOS_DEPLOYMENT_TARGET = 11.0;
				MTL_ENABLE_DEBUG_INFO = YES;
				ONLY_ACTIVE_ARCH = YES;
				SDKROOT = iphoneos;
				SWIFT_ACTIVE_COMPILATION_CONDITIONS = DEBUG;
				SWIFT_OPTIMIZATION_LEVEL = "-Onone";
			};
			name = Debug;
		};
		13C422781F68B664005A781F /* Release */ = {
			isa = XCBuildConfiguration;
			buildSettings = {
				ALWAYS_SEARCH_USER_PATHS = NO;
				CLANG_ANALYZER_NONNULL = YES;
				CLANG_ANALYZER_NUMBER_OBJECT_CONVERSION = YES_AGGRESSIVE;
				CLANG_CXX_LANGUAGE_STANDARD = "gnu++14";
				CLANG_CXX_LIBRARY = "libc++";
				CLANG_ENABLE_MODULES = YES;
				CLANG_ENABLE_OBJC_ARC = YES;
				CLANG_WARN_BLOCK_CAPTURE_AUTORELEASING = YES;
				CLANG_WARN_BOOL_CONVERSION = YES;
				CLANG_WARN_COMMA = YES;
				CLANG_WARN_CONSTANT_CONVERSION = YES;
				CLANG_WARN_DIRECT_OBJC_ISA_USAGE = YES_ERROR;
				CLANG_WARN_DOCUMENTATION_COMMENTS = YES;
				CLANG_WARN_EMPTY_BODY = YES;
				CLANG_WARN_ENUM_CONVERSION = YES;
				CLANG_WARN_INFINITE_RECURSION = YES;
				CLANG_WARN_INT_CONVERSION = YES;
				CLANG_WARN_NON_LITERAL_NULL_CONVERSION = YES;
				CLANG_WARN_OBJC_LITERAL_CONVERSION = YES;
				CLANG_WARN_OBJC_ROOT_CLASS = YES_ERROR;
				CLANG_WARN_RANGE_LOOP_ANALYSIS = YES;
				CLANG_WARN_STRICT_PROTOTYPES = YES;
				CLANG_WARN_SUSPICIOUS_MOVE = YES;
				CLANG_WARN_UNGUARDED_AVAILABILITY = YES_AGGRESSIVE;
				CLANG_WARN_UNREACHABLE_CODE = YES;
				CLANG_WARN__DUPLICATE_METHOD_MATCH = YES;
				CODE_SIGN_IDENTITY = "iPhone Developer";
				COPY_PHASE_STRIP = NO;
				DEBUG_INFORMATION_FORMAT = "dwarf-with-dsym";
				ENABLE_NS_ASSERTIONS = NO;
				ENABLE_STRICT_OBJC_MSGSEND = YES;
				GCC_C_LANGUAGE_STANDARD = gnu11;
				GCC_NO_COMMON_BLOCKS = YES;
				GCC_WARN_64_TO_32_BIT_CONVERSION = YES;
				GCC_WARN_ABOUT_RETURN_TYPE = YES_ERROR;
				GCC_WARN_UNDECLARED_SELECTOR = YES;
				GCC_WARN_UNINITIALIZED_AUTOS = YES_AGGRESSIVE;
				GCC_WARN_UNUSED_FUNCTION = YES;
				GCC_WARN_UNUSED_VARIABLE = YES;
				IPHONEOS_DEPLOYMENT_TARGET = 11.0;
				MTL_ENABLE_DEBUG_INFO = NO;
				SDKROOT = iphoneos;
				SWIFT_OPTIMIZATION_LEVEL = "-Owholemodule";
				VALIDATE_PRODUCT = YES;
			};
			name = Release;
		};
		13C4227A1F68B664005A781F /* Debug */ = {
			isa = XCBuildConfiguration;
			buildSettings = {
				ASSETCATALOG_COMPILER_APPICON_NAME = AppIcon;
				CODE_SIGN_STYLE = Automatic;
				DEVELOPMENT_TEAM = RY4LKVN272;
				INFOPLIST_FILE = "Reddit Client/Info.plist";
				LD_RUNPATH_SEARCH_PATHS = "$(inherited) @executable_path/Frameworks";
				PRODUCT_BUNDLE_IDENTIFIER = "self.Reddit-Client";
				PRODUCT_NAME = "$(TARGET_NAME)";
				SWIFT_VERSION = 4.0;
				TARGETED_DEVICE_FAMILY = "1,2";
			};
			name = Debug;
		};
		13C4227B1F68B664005A781F /* Release */ = {
			isa = XCBuildConfiguration;
			buildSettings = {
				ASSETCATALOG_COMPILER_APPICON_NAME = AppIcon;
				CODE_SIGN_STYLE = Automatic;
				DEVELOPMENT_TEAM = RY4LKVN272;
				INFOPLIST_FILE = "Reddit Client/Info.plist";
				LD_RUNPATH_SEARCH_PATHS = "$(inherited) @executable_path/Frameworks";
				PRODUCT_BUNDLE_IDENTIFIER = "self.Reddit-Client";
				PRODUCT_NAME = "$(TARGET_NAME)";
				SWIFT_VERSION = 4.0;
				TARGETED_DEVICE_FAMILY = "1,2";
			};
			name = Release;
		};
		13C4227D1F68B664005A781F /* Debug */ = {
			isa = XCBuildConfiguration;
			buildSettings = {
				ALWAYS_EMBED_SWIFT_STANDARD_LIBRARIES = YES;
				BUNDLE_LOADER = "$(TEST_HOST)";
				CODE_SIGN_STYLE = Automatic;
				DEVELOPMENT_TEAM = RY4LKVN272;
				INFOPLIST_FILE = "Reddit ClientTests/Info.plist";
				LD_RUNPATH_SEARCH_PATHS = "$(inherited) @executable_path/Frameworks @loader_path/Frameworks";
				PRODUCT_BUNDLE_IDENTIFIER = "self.Reddit-ClientTests";
				PRODUCT_NAME = "$(TARGET_NAME)";
				SWIFT_VERSION = 4.0;
				TARGETED_DEVICE_FAMILY = "1,2";
				TEST_HOST = "$(BUILT_PRODUCTS_DIR)/Reddit Client.app/Reddit Client";
			};
			name = Debug;
		};
		13C4227E1F68B664005A781F /* Release */ = {
			isa = XCBuildConfiguration;
			buildSettings = {
				ALWAYS_EMBED_SWIFT_STANDARD_LIBRARIES = YES;
				BUNDLE_LOADER = "$(TEST_HOST)";
				CODE_SIGN_STYLE = Automatic;
				DEVELOPMENT_TEAM = RY4LKVN272;
				INFOPLIST_FILE = "Reddit ClientTests/Info.plist";
				LD_RUNPATH_SEARCH_PATHS = "$(inherited) @executable_path/Frameworks @loader_path/Frameworks";
				PRODUCT_BUNDLE_IDENTIFIER = "self.Reddit-ClientTests";
				PRODUCT_NAME = "$(TARGET_NAME)";
				SWIFT_VERSION = 4.0;
				TARGETED_DEVICE_FAMILY = "1,2";
				TEST_HOST = "$(BUILT_PRODUCTS_DIR)/Reddit Client.app/Reddit Client";
			};
			name = Release;
		};
/* End XCBuildConfiguration section */

/* Begin XCConfigurationList section */
		13C422571F68B664005A781F /* Build configuration list for PBXProject "Reddit Client" */ = {
			isa = XCConfigurationList;
			buildConfigurations = (
				13C422771F68B664005A781F /* Debug */,
				13C422781F68B664005A781F /* Release */,
			);
			defaultConfigurationIsVisible = 0;
			defaultConfigurationName = Release;
		};
		13C422791F68B664005A781F /* Build configuration list for PBXNativeTarget "Reddit Client" */ = {
			isa = XCConfigurationList;
			buildConfigurations = (
				13C4227A1F68B664005A781F /* Debug */,
				13C4227B1F68B664005A781F /* Release */,
			);
			defaultConfigurationIsVisible = 0;
			defaultConfigurationName = Release;
		};
		13C4227C1F68B664005A781F /* Build configuration list for PBXNativeTarget "Reddit ClientTests" */ = {
			isa = XCConfigurationList;
			buildConfigurations = (
				13C4227D1F68B664005A781F /* Debug */,
				13C4227E1F68B664005A781F /* Release */,
			);
			defaultConfigurationIsVisible = 0;
			defaultConfigurationName = Release;
		};
/* End XCConfigurationList section */
	};
	rootObject = 13C422541F68B664005A781F /* Project object */;
}
